
Microsoft Visual Studio Solution File, Format Version 11.00
# Visual Studio Version 17

Project("{8BC9CEB8-8B4A-11D0-8D11-00A0C91BC942}") = "AmpModeler - Standalone Plugin", "AmpModeler_StandalonePlugin.vcxproj", "{A5420782-7546-AA45-4973-AD3463CCFF67}"
	ProjectSection(ProjectDependencies) = postProject
		{71DE1A39-1646-C264-BCAC-13FBE72FDCB9} = {71DE1A39-1646-C264-BCAC-13FBE72FDCB9}
	EndProjectSection
EndProject
Project("{8BC9CEB8-8B4A-11D0-8D11-00A0C91BC942}") = "AmpModeler - VST3", "AmpModeler_VST3.vcxproj", "{841B5CD6-5CF3-5238-F2DC-50EF090D6E4B}"
	ProjectSection(ProjectDependencies) = postProject
		{71DE1A39-1646-C264-BCAC-13FBE72FDCB9} = {71DE1A39-1646-C264-BCAC-13FBE72FDCB9}
	EndProjectSection
EndProject
Project("{8BC9CEB8-8B4A-11D0-8D11-00A0C91BC942}") = "AmpModeler - Shared Code", "AmpModeler_SharedCode.vcxproj", "{71DE1A39-1646-C264-BCAC-13FBE72FDCB9}"
EndProject
Global
	GlobalSection(SolutionConfigurationPlatforms) = preSolution
		Debug|x64 = Debug|x64
		Release|x64 = Release|x64
	EndGlobalSection
	GlobalSection(ProjectConfigurationPlatforms) = postSolution
		{841B5CD6-5CF3-5238-F2DC-50EF090D6E4B}.Debug|x64.ActiveCfg = Debug|x64
		{841B5CD6-5CF3-5238-F2DC-50EF090D6E4B}.Debug|x64.Build.0 = Debug|x64
		{841B5CD6-5CF3-5238-F2DC-50EF090D6E4B}.Release|x64.ActiveCfg = Release|x64
		{841B5CD6-5CF3-5238-F2DC-50EF090D6E4B}.Release|x64.Build.0 = Release|x64
		{A5420782-7546-AA45-4973-AD3463CCFF67}.Debug|x64.ActiveCfg = Debug|x64
		{A5420782-7546-AA45-4973-AD3463CCFF67}.Debug|x64.Build.0 = Debug|x64
		{A5420782-7546-AA45-4973-AD3463CCFF67}.Release|x64.ActiveCfg = Release|x64
		{A5420782-7546-AA45-4973-AD3463CCFF67}.Release|x64.Build.0 = Release|x64
		{71DE1A39-1646-C264-BCAC-13FBE72FDCB9}.Debug|x64.ActiveCfg = Debug|x64
		{71DE1A39-1646-C264-BCAC-13FBE72FDCB9}.Debug|x64.Build.0 = Debug|x64
		{71DE1A39-1646-C264-BCAC-13FBE72FDCB9}.Release|x64.ActiveCfg = Release|x64
		{71DE1A39-1646-C264-BCAC-13FBE72FDCB9}.Release|x64.Build.0 = Release|x64
	EndGlobalSection
	GlobalSection(SolutionProperties) = preSolution
		HideSolutionNode = FALSE
	EndGlobalSection
EndGlobal
